
Microsoft Visual Studio Solution File, Format Version 12.00
# Visual Studio 15
VisualStudioVersion = 15.0.28307.271
MinimumVisualStudioVersion = 10.0.40219.1
Project("{FAE04EC0-301F-11D3-BF4B-00C04F79EFBC}") = "Exam", "Exam\Exam.csproj", "{A8D5E0B6-F2DC-46E7-BE96-41218D12564D}"
EndProject
Global
	GlobalSection(SolutionConfigurationPlatforms) = preSolution
		Debug|Any CPU = Debug|Any CPU
		Release|Any CPU = Release|Any CPU
	EndGlobalSection
	GlobalSection(ProjectConfigurationPlatforms) = postSolution
		{A8D5E0B6-F2DC-46E7-BE96-41218D12564D}.Debug|Any CPU.ActiveCfg = Debug|Any CPU
		{A8D5E0B6-F2DC-46E7-BE96-41218D12564D}.Debug|Any CPU.Build.0 = Debug|Any CPU
		{A8D5E0B6-F2DC-46E7-BE96-41218D12564D}.Release|Any CPU.ActiveCfg = Release|Any CPU
		{A8D5E0B6-F2DC-46E7-BE96-41218D12564D}.Release|Any CPU.Build.0 = Release|Any CPU
	EndGlobalSection
	GlobalSection(SolutionProperties) = preSolution
		HideSolutionNode = FALSE
	EndGlobalSection
	GlobalSection(ExtensibilityGlobals) = postSolution
		SolutionGuid = {00B5F493-A68E-48C7-9B43-EC07A061C798}
	EndGlobalSection
EndGlobal
