
Microsoft Visual Studio Solution File, Format Version 12.00
# Visual Studio 15
VisualStudioVersion = 15.0.28307.271
MinimumVisualStudioVersion = 10.0.40219.1
Project("{FAE04EC0-301F-11D3-BF4B-00C04F79EFBC}") = "MyWinForms", "MyWinForms\MyWinForms.csproj", "{4E35F527-648D-4323-94D2-BD177F4B89FA}"
EndProject
Global
	GlobalSection(SolutionConfigurationPlatforms) = preSolution
		Debug|Any CPU = Debug|Any CPU
		Release|Any CPU = Release|Any CPU
	EndGlobalSection
	GlobalSection(ProjectConfigurationPlatforms) = postSolution
		{4E35F527-648D-4323-94D2-BD177F4B89FA}.Debug|Any CPU.ActiveCfg = Debug|Any CPU
		{4E35F527-648D-4323-94D2-BD177F4B89FA}.Debug|Any CPU.Build.0 = Debug|Any CPU
		{4E35F527-648D-4323-94D2-BD177F4B89FA}.Release|Any CPU.ActiveCfg = Release|Any CPU
		{4E35F527-648D-4323-94D2-BD177F4B89FA}.Release|Any CPU.Build.0 = Release|Any CPU
	EndGlobalSection
	GlobalSection(SolutionProperties) = preSolution
		HideSolutionNode = FALSE
	EndGlobalSection
	GlobalSection(ExtensibilityGlobals) = postSolution
		SolutionGuid = {1278B9CD-6073-4E4D-ABDC-366A48F4EC1F}
	EndGlobalSection
EndGlobal
