
Microsoft Visual Studio Solution File, Format Version 12.00
# Visual Studio 15
VisualStudioVersion = 15.0.28307.271
MinimumVisualStudioVersion = 10.0.40219.1
Project("{FAE04EC0-301F-11D3-BF4B-00C04F79EFBC}") = "ClassLibraryStudentAss", "ClassLibraryStudentAss\ClassLibraryStudentAss.csproj", "{5878BC3E-EED6-41A8-942F-1833BDE43E44}"
EndProject
Project("{FAE04EC0-301F-11D3-BF4B-00C04F79EFBC}") = "ClassLibraryStudentAss.Models", "ClassLibraryStudentAss.Models\ClassLibraryStudentAss.Models.csproj", "{B3017520-AC8D-47E5-8B2D-FC0EF3D9F12A}"
EndProject
Project("{FAE04EC0-301F-11D3-BF4B-00C04F79EFBC}") = "ClassLibraryStudentAss.BLL", "ClassLibraryStudentAss.BLL\ClassLibraryStudentAss.BLL.csproj", "{B5F3538D-01B7-455D-9607-1BE0C0D4738C}"
EndProject
Project("{FAE04EC0-301F-11D3-BF4B-00C04F79EFBC}") = "ClassLibraryStudentAss.Repository", "ClassLibraryStudentAss.Repository\ClassLibraryStudentAss.Repository.csproj", "{F110BE8B-A11E-42CA-82D3-4C389BCE8CD9}"
EndProject
Global
	GlobalSection(SolutionConfigurationPlatforms) = preSolution
		Debug|Any CPU = Debug|Any CPU
		Release|Any CPU = Release|Any CPU
	EndGlobalSection
	GlobalSection(ProjectConfigurationPlatforms) = postSolution
		{5878BC3E-EED6-41A8-942F-1833BDE43E44}.Debug|Any CPU.ActiveCfg = Debug|Any CPU
		{5878BC3E-EED6-41A8-942F-1833BDE43E44}.Debug|Any CPU.Build.0 = Debug|Any CPU
		{5878BC3E-EED6-41A8-942F-1833BDE43E44}.Release|Any CPU.ActiveCfg = Release|Any CPU
		{5878BC3E-EED6-41A8-942F-1833BDE43E44}.Release|Any CPU.Build.0 = Release|Any CPU
		{B3017520-AC8D-47E5-8B2D-FC0EF3D9F12A}.Debug|Any CPU.ActiveCfg = Debug|Any CPU
		{B3017520-AC8D-47E5-8B2D-FC0EF3D9F12A}.Debug|Any CPU.Build.0 = Debug|Any CPU
		{B3017520-AC8D-47E5-8B2D-FC0EF3D9F12A}.Release|Any CPU.ActiveCfg = Release|Any CPU
		{B3017520-AC8D-47E5-8B2D-FC0EF3D9F12A}.Release|Any CPU.Build.0 = Release|Any CPU
		{B5F3538D-01B7-455D-9607-1BE0C0D4738C}.Debug|Any CPU.ActiveCfg = Debug|Any CPU
		{B5F3538D-01B7-455D-9607-1BE0C0D4738C}.Debug|Any CPU.Build.0 = Debug|Any CPU
		{B5F3538D-01B7-455D-9607-1BE0C0D4738C}.Release|Any CPU.ActiveCfg = Release|Any CPU
		{B5F3538D-01B7-455D-9607-1BE0C0D4738C}.Release|Any CPU.Build.0 = Release|Any CPU
		{F110BE8B-A11E-42CA-82D3-4C389BCE8CD9}.Debug|Any CPU.ActiveCfg = Debug|Any CPU
		{F110BE8B-A11E-42CA-82D3-4C389BCE8CD9}.Debug|Any CPU.Build.0 = Debug|Any CPU
		{F110BE8B-A11E-42CA-82D3-4C389BCE8CD9}.Release|Any CPU.ActiveCfg = Release|Any CPU
		{F110BE8B-A11E-42CA-82D3-4C389BCE8CD9}.Release|Any CPU.Build.0 = Release|Any CPU
	EndGlobalSection
	GlobalSection(SolutionProperties) = preSolution
		HideSolutionNode = FALSE
	EndGlobalSection
	GlobalSection(ExtensibilityGlobals) = postSolution
		SolutionGuid = {9A86601C-FE87-49AB-B46B-ABE141AEEDE9}
	EndGlobalSection
EndGlobal
