
Microsoft Visual Studio Solution File, Format Version 12.00
# Visual Studio 15
VisualStudioVersion = 15.0.28307.645
MinimumVisualStudioVersion = 10.0.40219.1
Project("{FAE04EC0-301F-11D3-BF4B-00C04F79EFBC}") = "AarryFormPractice", "AarryFormPractice\AarryFormPractice.csproj", "{357D2235-DA2A-4E5C-849D-C464B56802EC}"
EndProject
Global
	GlobalSection(SolutionConfigurationPlatforms) = preSolution
		Debug|Any CPU = Debug|Any CPU
		Release|Any CPU = Release|Any CPU
	EndGlobalSection
	GlobalSection(ProjectConfigurationPlatforms) = postSolution
		{357D2235-DA2A-4E5C-849D-C464B56802EC}.Debug|Any CPU.ActiveCfg = Debug|Any CPU
		{357D2235-DA2A-4E5C-849D-C464B56802EC}.Debug|Any CPU.Build.0 = Debug|Any CPU
		{357D2235-DA2A-4E5C-849D-C464B56802EC}.Release|Any CPU.ActiveCfg = Release|Any CPU
		{357D2235-DA2A-4E5C-849D-C464B56802EC}.Release|Any CPU.Build.0 = Release|Any CPU
	EndGlobalSection
	GlobalSection(SolutionProperties) = preSolution
		HideSolutionNode = FALSE
	EndGlobalSection
	GlobalSection(ExtensibilityGlobals) = postSolution
		SolutionGuid = {1A88D337-C059-4CA2-BD4A-61052531D0C7}
	EndGlobalSection
EndGlobal
